# THIS IS AN AUTOGENERATED FILE. DO NOT EDIT THIS FILE DIRECTLY.
# yarn lockfile v1


enhanced-resolve@^5.10.0:
  version "5.18.0"
  resolved "https://registry.yarnpkg.com/enhanced-resolve/-/enhanced-resolve-5.18.0.tgz#91eb1db193896b9801251eeff1c6980278b1e404"
  integrity sha512-0/r0MySGYG8YqlayBZ6MuCfECmHFdJ5qyPh8s8wa5Hnm6SaFLSK1VYCbj+NKp090Nm1caZhD+QTnmxO7esYGyQ==
  dependencies:
    graceful-fs "^4.2.4"
    tapable "^2.2.0"

graceful-fs@^4.2.4:
  version "4.2.11"
  resolved "https://registry.yarnpkg.com/graceful-fs/-/graceful-fs-4.2.11.tgz#4183e4e8bf08bb6e05bbb2f7d2e0c8f712ca40e3"
  integrity sha512-RbJ5/jmFcNNCcDV5o9eTnBLJ/HszWV0P73bc+Ff4nS/rJj+YaS6IGyiOL0VoBYX+l1Wrl3k63h/KrH+nhJ0XvQ==

next-transpile-modules@^10.0.1:
  version "10.0.1"
  resolved "https://registry.yarnpkg.com/next-transpile-modules/-/next-transpile-modules-10.0.1.tgz#1ca2b735b14781f4792f6214f808b600574e0348"
  integrity sha512-4VX/LCMofxIYAVV58UmD+kr8jQflpLWvas/BQ4Co0qWLWzVh06FoZkECkrX5eEZT6oJFqie6+kfbTA3EZCVtdQ==
  dependencies:
    enhanced-resolve "^5.10.0"

tapable@^2.2.0:
  version "2.2.1"
  resolved "https://registry.yarnpkg.com/tapable/-/tapable-2.2.1.tgz#1967a73ef4060a82f12ab96af86d52fdb76eeca0"
  integrity sha512-GNzQvQTOIP6RyTfE2Qxb8ZVlNmw0n88vp1szwWRimP02mnTsx3Wtn5qRdqY9w2XduFNUgvOwhNnQsjwCp+kqaQ==
